
Microsoft Visual Studio Solution File, Format Version 12.00
# Visual Studio Version 17
VisualStudioVersion = 17.10.34916.146
MinimumVisualStudioVersion = 10.0.40219.1
Project("{FAE04EC0-301F-11D3-BF4B-00C04F79EFBC}") = "guia4_part3", "guia4_part3\guia4_part3.csproj", "{62348E20-DB9C-4E27-A74F-2121B29C9D29}"
EndProject
Global
	GlobalSection(SolutionConfigurationPlatforms) = preSolution
		Debug|Any CPU = Debug|Any CPU
		Release|Any CPU = Release|Any CPU
	EndGlobalSection
	GlobalSection(ProjectConfigurationPlatforms) = postSolution
		{62348E20-DB9C-4E27-A74F-2121B29C9D29}.Debug|Any CPU.ActiveCfg = Debug|Any CPU
		{62348E20-DB9C-4E27-A74F-2121B29C9D29}.Debug|Any CPU.Build.0 = Debug|Any CPU
		{62348E20-DB9C-4E27-A74F-2121B29C9D29}.Release|Any CPU.ActiveCfg = Release|Any CPU
		{62348E20-DB9C-4E27-A74F-2121B29C9D29}.Release|Any CPU.Build.0 = Release|Any CPU
	EndGlobalSection
	GlobalSection(SolutionProperties) = preSolution
		HideSolutionNode = FALSE
	EndGlobalSection
	GlobalSection(ExtensibilityGlobals) = postSolution
		SolutionGuid = {78491B39-0E9B-47CF-92F1-67C5E1FE57AD}
	EndGlobalSection
EndGlobal
